
Microsoft Visual Studio Solution File, Format Version 12.00
# Visual Studio Version 17
VisualStudioVersion = 17.8.34330.188
MinimumVisualStudioVersion = 10.0.40219.1
Project("{FAE04EC0-301F-11D3-BF4B-00C04F79EFBC}") = "WorkProject1", "WorkProject1\WorkProject1.csproj", "{C6852ACF-AF72-40DC-A799-CAD2452E47A2}"
EndProject
Project("{FAE04EC0-301F-11D3-BF4B-00C04F79EFBC}") = "ExcelReader", "ExcelReader\ExcelReader.csproj", "{8CDE1881-643B-41FF-A765-6D7767A855F6}"
EndProject
Global
	GlobalSection(SolutionConfigurationPlatforms) = preSolution
		Debug|Any CPU = Debug|Any CPU
		Release|Any CPU = Release|Any CPU
	EndGlobalSection
	GlobalSection(ProjectConfigurationPlatforms) = postSolution
		{C6852ACF-AF72-40DC-A799-CAD2452E47A2}.Debug|Any CPU.ActiveCfg = Debug|Any CPU
		{C6852ACF-AF72-40DC-A799-CAD2452E47A2}.Debug|Any CPU.Build.0 = Debug|Any CPU
		{C6852ACF-AF72-40DC-A799-CAD2452E47A2}.Release|Any CPU.ActiveCfg = Release|Any CPU
		{C6852ACF-AF72-40DC-A799-CAD2452E47A2}.Release|Any CPU.Build.0 = Release|Any CPU
		{8CDE1881-643B-41FF-A765-6D7767A855F6}.Debug|Any CPU.ActiveCfg = Debug|Any CPU
		{8CDE1881-643B-41FF-A765-6D7767A855F6}.Debug|Any CPU.Build.0 = Debug|Any CPU
		{8CDE1881-643B-41FF-A765-6D7767A855F6}.Release|Any CPU.ActiveCfg = Release|Any CPU
		{8CDE1881-643B-41FF-A765-6D7767A855F6}.Release|Any CPU.Build.0 = Release|Any CPU
	EndGlobalSection
	GlobalSection(SolutionProperties) = preSolution
		HideSolutionNode = FALSE
	EndGlobalSection
	GlobalSection(ExtensibilityGlobals) = postSolution
		SolutionGuid = {DBED5BAC-1B3C-46CD-B060-153CB142FDA0}
	EndGlobalSection
EndGlobal
